
Microsoft Visual Studio Solution File, Format Version 12.00
# Visual Studio Version 17
VisualStudioVersion = 17.4.33205.214
MinimumVisualStudioVersion = 10.0.40219.1
Project("{FAE04EC0-301F-11D3-BF4B-00C04F79EFBC}") = "Resortify 2.0", "Resortify 2.0.csproj", "{F973CF46-8187-4064-94E1-F90EE1213385}"
EndProject
Global
	GlobalSection(SolutionConfigurationPlatforms) = preSolution
		Debug|Any CPU = Debug|Any CPU
		Release|Any CPU = Release|Any CPU
	EndGlobalSection
	GlobalSection(ProjectConfigurationPlatforms) = postSolution
		{F973CF46-8187-4064-94E1-F90EE1213385}.Debug|Any CPU.ActiveCfg = Debug|Any CPU
		{F973CF46-8187-4064-94E1-F90EE1213385}.Debug|Any CPU.Build.0 = Debug|Any CPU
		{F973CF46-8187-4064-94E1-F90EE1213385}.Release|Any CPU.ActiveCfg = Release|Any CPU
		{F973CF46-8187-4064-94E1-F90EE1213385}.Release|Any CPU.Build.0 = Release|Any CPU
	EndGlobalSection
	GlobalSection(SolutionProperties) = preSolution
		HideSolutionNode = FALSE
	EndGlobalSection
	GlobalSection(ExtensibilityGlobals) = postSolution
		SolutionGuid = {D86376DE-768D-49D3-804E-EFB9AF765691}
	EndGlobalSection
EndGlobal
